
Microsoft Visual Studio Solution File, Format Version 12.00
# Visual Studio 15
VisualStudioVersion = 15.0.27130.2027
MinimumVisualStudioVersion = 10.0.40219.1
Project("{FAE04EC0-301F-11D3-BF4B-00C04F79EFBC}") = "S02_FirstApp", "xamarin-android-a-master-guide\S02_FirstApp.csproj", "{58958B40-CF32-46D1-AA8C-2DE8F37EFDBD}"
EndProject
Project("{FAE04EC0-301F-11D3-BF4B-00C04F79EFBC}") = "S03_LayoutsAndBasicUI", "S03_LayoutsAndBasicUI\S03_LayoutsAndBasicUI.csproj", "{4ABFC669-0E9F-42D7-8023-782AA87CBC88}"
EndProject
Project("{FAE04EC0-301F-11D3-BF4B-00C04F79EFBC}") = "S03_LayoutsAndBasicUI_2RelativeLayout", "S03_LayoutsAndBasicUI_2RelativeLayout\S03_LayoutsAndBasicUI_2RelativeLayout.csproj", "{CF2A3354-454F-488B-B2CA-958A998A8D73}"
EndProject
Project("{FAE04EC0-301F-11D3-BF4B-00C04F79EFBC}") = "S03_LayoutsAndBasicUI_3TextViews", "S03_LayoutsAndBasicUI_3TextViews\S03_LayoutsAndBasicUI_3TextViews.csproj", "{EFD62D11-C047-4A8F-8226-D89C4F68756A}"
EndProject
Project("{FAE04EC0-301F-11D3-BF4B-00C04F79EFBC}") = "S03_LayoutsAndBasicUI_4SlowTextMover_Joachim", "S03_LayoutsAndBasicUI_4SlowTextMover\S03_LayoutsAndBasicUI_4SlowTextMover_Joachim.csproj", "{7A8CCE76-D96C-4E38-A34A-F3F0DE5971D4}"
EndProject
Project("{FAE04EC0-301F-11D3-BF4B-00C04F79EFBC}") = "S03_LayoutsAndBasicUI_5_SlowTextMover_Solution", "S03_LayoutsAndBasicUI_5_SlowTextMover_Solution\S03_LayoutsAndBasicUI_5_SlowTextMover_Solution.csproj", "{6F67CEA6-8360-4697-817E-6FCB3D96F9A0}"
EndProject
Project("{FAE04EC0-301F-11D3-BF4B-00C04F79EFBC}") = "S04_MoreBasicUI_1_RadioButton", "S04_MoreBasicUI_1_RadioButton\S04_MoreBasicUI_1_RadioButton.csproj", "{1B9CFAB1-C42D-4AE0-A611-15E653D05DAE}"
EndProject
Project("{FAE04EC0-301F-11D3-BF4B-00C04F79EFBC}") = "S04_MoreBasicUI_2_ToggleButton", "S04_MoreBasicUI_2_ToggleButton\S04_MoreBasicUI_2_ToggleButton.csproj", "{B5196009-9B73-4CB7-A69C-9FC1C2543DDE}"
EndProject
Project("{FAE04EC0-301F-11D3-BF4B-00C04F79EFBC}") = "S04_MoreBasicUI_3_Spinners", "S04_MoreBasicUI_3_Spinners\S04_MoreBasicUI_3_Spinners.csproj", "{66E71836-C597-4BF6-9FB7-1FF475BAC212}"
EndProject
Project("{FAE04EC0-301F-11D3-BF4B-00C04F79EFBC}") = "S04_MoreBasicUI_4_Task_MySolution", "S04_MoreBasicUI_4_Task_MySolution\S04_MoreBasicUI_4_Task_MySolution.csproj", "{3546780B-0468-44A9-9706-6E3CC317159A}"
EndProject
Project("{FAE04EC0-301F-11D3-BF4B-00C04F79EFBC}") = "S04_MoreBasicUI_5_Task_OfficialSolution", "S04_MoreBasicsUI_5_Task_OfficialSolution\S04_MoreBasicUI_5_Task_OfficialSolution.csproj", "{EBC055DF-EA3B-4006-B0B2-C2C326868557}"
EndProject
Project("{FAE04EC0-301F-11D3-BF4B-00C04F79EFBC}") = "S05_ScrollingLists_1_BasicListViewDemo", "S05_ScrollingLists_1_BasicListViewDemo\S05_ScrollingLists_1_BasicListViewDemo.csproj", "{3FE86890-A116-4CAA-96B5-91C86D1D9F17}"
EndProject
Project("{FAE04EC0-301F-11D3-BF4B-00C04F79EFBC}") = "S05_ScrollingLists_2_HandlingListViewClicks", "S05_ScrollingLists_2_HandlingListViewClicks\S05_ScrollingLists_2_HandlingListViewClicks.csproj", "{131DA058-A7BA-42BC-8B21-7ABCA0533993}"
EndProject
Project("{FAE04EC0-301F-11D3-BF4B-00C04F79EFBC}") = "S05_ScrollingLists_3_CustomAdapter", "S05_ScrollingLists_3_CustomAdapter\S05_ScrollingLists_3_CustomAdapter.csproj", "{22362530-E9C3-4CE8-AEF4-37887DC1DBC5}"
EndProject
Project("{FAE04EC0-301F-11D3-BF4B-00C04F79EFBC}") = "S07_Activities_1_NewActivity", "S07_Activities_1_NewActivity\S07_Activities_1_NewActivity.csproj", "{546E0129-426B-4D94-8ED7-AC0CA0070508}"
EndProject
Project("{FAE04EC0-301F-11D3-BF4B-00C04F79EFBC}") = "S07_Activities_2_PassData", "S07_Activities_2_PassData\S07_Activities_2_PassData.csproj", "{C62D60C0-0C7D-4420-B131-253D51DA9AEF}"
EndProject
Project("{FAE04EC0-301F-11D3-BF4B-00C04F79EFBC}") = "S07_Activities_3_ActivityLifecycles", "S07_Activities_3_ActivityLifecycles\S07_Activities_3_ActivityLifecycles.csproj", "{64CE9433-E925-4715-96A2-11F3041097E1}"
EndProject
Project("{FAE04EC0-301F-11D3-BF4B-00C04F79EFBC}") = "S06_Resources_1_Images", "S06_Resources_1_Images\S06_Resources_1_Images.csproj", "{492B91E8-33F7-48A1-9E89-FAA23E5900CC}"
EndProject
Project("{FAE04EC0-301F-11D3-BF4B-00C04F79EFBC}") = "S06_Resources_2_Translation", "S06_Resources_2_Translation\S06_Resources_2_Translation.csproj", "{CCC9D0F2-EF05-4123-B3C6-34004ED6A392}"
EndProject
Project("{FAE04EC0-301F-11D3-BF4B-00C04F79EFBC}") = "S06_Resources_3_Assets", "S06_Resources_3_Assets\S06_Resources_3_Assets.csproj", "{CF669C86-F4EE-4636-9811-A2C5416B6865}"
EndProject
Project("{FAE04EC0-301F-11D3-BF4B-00C04F79EFBC}") = "S06_Resources_4_ScreenDensityAndResolution", "S06_Resources_4_ScreenDensityAndResolution\S06_Resources_4_ScreenDensityAndResolution.csproj", "{B48AF4E3-E93B-4114-B4D2-B69D4839BAE6}"
EndProject
Project("{FAE04EC0-301F-11D3-BF4B-00C04F79EFBC}") = "S08_GraphicsAndAnimations_1_XmlGraphics", "S08_GraphicsAndAnimations_1_XmlGraphics\S08_GraphicsAndAnimations_1_XmlGraphics.csproj", "{E3AFCDC1-F11F-4D4B-B6B3-23FE2B4751C8}"
EndProject
Project("{FAE04EC0-301F-11D3-BF4B-00C04F79EFBC}") = "S08_GraphicsAndAnimations_2_ButtonStatesGraphics", "S08_GraphicsAndAnimations_2_ButtonStatesGraphics\S08_GraphicsAndAnimations_2_ButtonStatesGraphics.csproj", "{4F6BF25C-E023-4696-98D5-CE218AE7ADD6}"
EndProject
Project("{FAE04EC0-301F-11D3-BF4B-00C04F79EFBC}") = "S08_GraphicsAndAnimations_3_XmlTransitionAnimations", "S08_GraphicsAndAnimations_3_XmlTransitionAnimations\S08_GraphicsAndAnimations_3_XmlTransitionAnimations.csproj", "{300E54CA-74D6-4723-92FA-4489D8BFEA65}"
EndProject
Project("{FAE04EC0-301F-11D3-BF4B-00C04F79EFBC}") = "S08_GraphicsAndAnimations_4_PropertyAnimations", "S08_GraphicsAndAnimations_4_PropertyAnimations\S08_GraphicsAndAnimations_4_PropertyAnimations.csproj", "{CAFCC2A7-3C3D-4BD2-B154-B82D528B554E}"
EndProject
Project("{FAE04EC0-301F-11D3-BF4B-00C04F79EFBC}") = "S08_GraphicsAndAnimations_5_PropertyAnimation2", "S08_GraphicsAndAnimations_5_PropertyAnimation2\S08_GraphicsAndAnimations_5_PropertyAnimation2.csproj", "{B08A5599-5FB9-4876-AF1E-FD804ED95715}"
EndProject
Project("{FAE04EC0-301F-11D3-BF4B-00C04F79EFBC}") = "S09_DirectoriesFilesReadWrite_1_Filesystem", "S09_DirectoriesFilesReadWrite_1_Filesystem\S09_DirectoriesFilesReadWrite_1_Filesystem.csproj", "{92B2994D-2570-4623-B443-19AFFA557092}"
EndProject
Global
	GlobalSection(SolutionConfigurationPlatforms) = preSolution
		Debug|Any CPU = Debug|Any CPU
		Release|Any CPU = Release|Any CPU
	EndGlobalSection
	GlobalSection(ProjectConfigurationPlatforms) = postSolution
		{58958B40-CF32-46D1-AA8C-2DE8F37EFDBD}.Debug|Any CPU.ActiveCfg = Debug|Any CPU
		{58958B40-CF32-46D1-AA8C-2DE8F37EFDBD}.Debug|Any CPU.Build.0 = Debug|Any CPU
		{58958B40-CF32-46D1-AA8C-2DE8F37EFDBD}.Debug|Any CPU.Deploy.0 = Debug|Any CPU
		{58958B40-CF32-46D1-AA8C-2DE8F37EFDBD}.Release|Any CPU.ActiveCfg = Release|Any CPU
		{58958B40-CF32-46D1-AA8C-2DE8F37EFDBD}.Release|Any CPU.Build.0 = Release|Any CPU
		{58958B40-CF32-46D1-AA8C-2DE8F37EFDBD}.Release|Any CPU.Deploy.0 = Release|Any CPU
		{4ABFC669-0E9F-42D7-8023-782AA87CBC88}.Debug|Any CPU.ActiveCfg = Debug|Any CPU
		{4ABFC669-0E9F-42D7-8023-782AA87CBC88}.Debug|Any CPU.Build.0 = Debug|Any CPU
		{4ABFC669-0E9F-42D7-8023-782AA87CBC88}.Debug|Any CPU.Deploy.0 = Debug|Any CPU
		{4ABFC669-0E9F-42D7-8023-782AA87CBC88}.Release|Any CPU.ActiveCfg = Release|Any CPU
		{4ABFC669-0E9F-42D7-8023-782AA87CBC88}.Release|Any CPU.Build.0 = Release|Any CPU
		{4ABFC669-0E9F-42D7-8023-782AA87CBC88}.Release|Any CPU.Deploy.0 = Release|Any CPU
		{CF2A3354-454F-488B-B2CA-958A998A8D73}.Debug|Any CPU.ActiveCfg = Debug|Any CPU
		{CF2A3354-454F-488B-B2CA-958A998A8D73}.Debug|Any CPU.Build.0 = Debug|Any CPU
		{CF2A3354-454F-488B-B2CA-958A998A8D73}.Debug|Any CPU.Deploy.0 = Debug|Any CPU
		{CF2A3354-454F-488B-B2CA-958A998A8D73}.Release|Any CPU.ActiveCfg = Release|Any CPU
		{CF2A3354-454F-488B-B2CA-958A998A8D73}.Release|Any CPU.Build.0 = Release|Any CPU
		{CF2A3354-454F-488B-B2CA-958A998A8D73}.Release|Any CPU.Deploy.0 = Release|Any CPU
		{EFD62D11-C047-4A8F-8226-D89C4F68756A}.Debug|Any CPU.ActiveCfg = Debug|Any CPU
		{EFD62D11-C047-4A8F-8226-D89C4F68756A}.Debug|Any CPU.Build.0 = Debug|Any CPU
		{EFD62D11-C047-4A8F-8226-D89C4F68756A}.Debug|Any CPU.Deploy.0 = Debug|Any CPU
		{EFD62D11-C047-4A8F-8226-D89C4F68756A}.Release|Any CPU.ActiveCfg = Release|Any CPU
		{EFD62D11-C047-4A8F-8226-D89C4F68756A}.Release|Any CPU.Build.0 = Release|Any CPU
		{EFD62D11-C047-4A8F-8226-D89C4F68756A}.Release|Any CPU.Deploy.0 = Release|Any CPU
		{7A8CCE76-D96C-4E38-A34A-F3F0DE5971D4}.Debug|Any CPU.ActiveCfg = Debug|Any CPU
		{7A8CCE76-D96C-4E38-A34A-F3F0DE5971D4}.Debug|Any CPU.Build.0 = Debug|Any CPU
		{7A8CCE76-D96C-4E38-A34A-F3F0DE5971D4}.Debug|Any CPU.Deploy.0 = Debug|Any CPU
		{7A8CCE76-D96C-4E38-A34A-F3F0DE5971D4}.Release|Any CPU.ActiveCfg = Release|Any CPU
		{7A8CCE76-D96C-4E38-A34A-F3F0DE5971D4}.Release|Any CPU.Build.0 = Release|Any CPU
		{7A8CCE76-D96C-4E38-A34A-F3F0DE5971D4}.Release|Any CPU.Deploy.0 = Release|Any CPU
		{6F67CEA6-8360-4697-817E-6FCB3D96F9A0}.Debug|Any CPU.ActiveCfg = Debug|Any CPU
		{6F67CEA6-8360-4697-817E-6FCB3D96F9A0}.Debug|Any CPU.Build.0 = Debug|Any CPU
		{6F67CEA6-8360-4697-817E-6FCB3D96F9A0}.Debug|Any CPU.Deploy.0 = Debug|Any CPU
		{6F67CEA6-8360-4697-817E-6FCB3D96F9A0}.Release|Any CPU.ActiveCfg = Release|Any CPU
		{6F67CEA6-8360-4697-817E-6FCB3D96F9A0}.Release|Any CPU.Build.0 = Release|Any CPU
		{6F67CEA6-8360-4697-817E-6FCB3D96F9A0}.Release|Any CPU.Deploy.0 = Release|Any CPU
		{1B9CFAB1-C42D-4AE0-A611-15E653D05DAE}.Debug|Any CPU.ActiveCfg = Debug|Any CPU
		{1B9CFAB1-C42D-4AE0-A611-15E653D05DAE}.Debug|Any CPU.Build.0 = Debug|Any CPU
		{1B9CFAB1-C42D-4AE0-A611-15E653D05DAE}.Debug|Any CPU.Deploy.0 = Debug|Any CPU
		{1B9CFAB1-C42D-4AE0-A611-15E653D05DAE}.Release|Any CPU.ActiveCfg = Release|Any CPU
		{1B9CFAB1-C42D-4AE0-A611-15E653D05DAE}.Release|Any CPU.Build.0 = Release|Any CPU
		{1B9CFAB1-C42D-4AE0-A611-15E653D05DAE}.Release|Any CPU.Deploy.0 = Release|Any CPU
		{B5196009-9B73-4CB7-A69C-9FC1C2543DDE}.Debug|Any CPU.ActiveCfg = Debug|Any CPU
		{B5196009-9B73-4CB7-A69C-9FC1C2543DDE}.Debug|Any CPU.Build.0 = Debug|Any CPU
		{B5196009-9B73-4CB7-A69C-9FC1C2543DDE}.Debug|Any CPU.Deploy.0 = Debug|Any CPU
		{B5196009-9B73-4CB7-A69C-9FC1C2543DDE}.Release|Any CPU.ActiveCfg = Release|Any CPU
		{B5196009-9B73-4CB7-A69C-9FC1C2543DDE}.Release|Any CPU.Build.0 = Release|Any CPU
		{B5196009-9B73-4CB7-A69C-9FC1C2543DDE}.Release|Any CPU.Deploy.0 = Release|Any CPU
		{66E71836-C597-4BF6-9FB7-1FF475BAC212}.Debug|Any CPU.ActiveCfg = Debug|Any CPU
		{66E71836-C597-4BF6-9FB7-1FF475BAC212}.Debug|Any CPU.Build.0 = Debug|Any CPU
		{66E71836-C597-4BF6-9FB7-1FF475BAC212}.Debug|Any CPU.Deploy.0 = Debug|Any CPU
		{66E71836-C597-4BF6-9FB7-1FF475BAC212}.Release|Any CPU.ActiveCfg = Release|Any CPU
		{66E71836-C597-4BF6-9FB7-1FF475BAC212}.Release|Any CPU.Build.0 = Release|Any CPU
		{66E71836-C597-4BF6-9FB7-1FF475BAC212}.Release|Any CPU.Deploy.0 = Release|Any CPU
		{3546780B-0468-44A9-9706-6E3CC317159A}.Debug|Any CPU.ActiveCfg = Debug|Any CPU
		{3546780B-0468-44A9-9706-6E3CC317159A}.Debug|Any CPU.Build.0 = Debug|Any CPU
		{3546780B-0468-44A9-9706-6E3CC317159A}.Debug|Any CPU.Deploy.0 = Debug|Any CPU
		{3546780B-0468-44A9-9706-6E3CC317159A}.Release|Any CPU.ActiveCfg = Release|Any CPU
		{3546780B-0468-44A9-9706-6E3CC317159A}.Release|Any CPU.Build.0 = Release|Any CPU
		{3546780B-0468-44A9-9706-6E3CC317159A}.Release|Any CPU.Deploy.0 = Release|Any CPU
		{EBC055DF-EA3B-4006-B0B2-C2C326868557}.Debug|Any CPU.ActiveCfg = Debug|Any CPU
		{EBC055DF-EA3B-4006-B0B2-C2C326868557}.Debug|Any CPU.Build.0 = Debug|Any CPU
		{EBC055DF-EA3B-4006-B0B2-C2C326868557}.Debug|Any CPU.Deploy.0 = Debug|Any CPU
		{EBC055DF-EA3B-4006-B0B2-C2C326868557}.Release|Any CPU.ActiveCfg = Release|Any CPU
		{EBC055DF-EA3B-4006-B0B2-C2C326868557}.Release|Any CPU.Build.0 = Release|Any CPU
		{EBC055DF-EA3B-4006-B0B2-C2C326868557}.Release|Any CPU.Deploy.0 = Release|Any CPU
		{3FE86890-A116-4CAA-96B5-91C86D1D9F17}.Debug|Any CPU.ActiveCfg = Debug|Any CPU
		{3FE86890-A116-4CAA-96B5-91C86D1D9F17}.Debug|Any CPU.Build.0 = Debug|Any CPU
		{3FE86890-A116-4CAA-96B5-91C86D1D9F17}.Debug|Any CPU.Deploy.0 = Debug|Any CPU
		{3FE86890-A116-4CAA-96B5-91C86D1D9F17}.Release|Any CPU.ActiveCfg = Release|Any CPU
		{3FE86890-A116-4CAA-96B5-91C86D1D9F17}.Release|Any CPU.Build.0 = Release|Any CPU
		{3FE86890-A116-4CAA-96B5-91C86D1D9F17}.Release|Any CPU.Deploy.0 = Release|Any CPU
		{131DA058-A7BA-42BC-8B21-7ABCA0533993}.Debug|Any CPU.ActiveCfg = Debug|Any CPU
		{131DA058-A7BA-42BC-8B21-7ABCA0533993}.Debug|Any CPU.Build.0 = Debug|Any CPU
		{131DA058-A7BA-42BC-8B21-7ABCA0533993}.Debug|Any CPU.Deploy.0 = Debug|Any CPU
		{131DA058-A7BA-42BC-8B21-7ABCA0533993}.Release|Any CPU.ActiveCfg = Release|Any CPU
		{131DA058-A7BA-42BC-8B21-7ABCA0533993}.Release|Any CPU.Build.0 = Release|Any CPU
		{131DA058-A7BA-42BC-8B21-7ABCA0533993}.Release|Any CPU.Deploy.0 = Release|Any CPU
		{22362530-E9C3-4CE8-AEF4-37887DC1DBC5}.Debug|Any CPU.ActiveCfg = Debug|Any CPU
		{22362530-E9C3-4CE8-AEF4-37887DC1DBC5}.Debug|Any CPU.Build.0 = Debug|Any CPU
		{22362530-E9C3-4CE8-AEF4-37887DC1DBC5}.Debug|Any CPU.Deploy.0 = Debug|Any CPU
		{22362530-E9C3-4CE8-AEF4-37887DC1DBC5}.Release|Any CPU.ActiveCfg = Release|Any CPU
		{22362530-E9C3-4CE8-AEF4-37887DC1DBC5}.Release|Any CPU.Build.0 = Release|Any CPU
		{22362530-E9C3-4CE8-AEF4-37887DC1DBC5}.Release|Any CPU.Deploy.0 = Release|Any CPU
		{546E0129-426B-4D94-8ED7-AC0CA0070508}.Debug|Any CPU.ActiveCfg = Debug|Any CPU
		{546E0129-426B-4D94-8ED7-AC0CA0070508}.Debug|Any CPU.Build.0 = Debug|Any CPU
		{546E0129-426B-4D94-8ED7-AC0CA0070508}.Debug|Any CPU.Deploy.0 = Debug|Any CPU
		{546E0129-426B-4D94-8ED7-AC0CA0070508}.Release|Any CPU.ActiveCfg = Release|Any CPU
		{546E0129-426B-4D94-8ED7-AC0CA0070508}.Release|Any CPU.Build.0 = Release|Any CPU
		{546E0129-426B-4D94-8ED7-AC0CA0070508}.Release|Any CPU.Deploy.0 = Release|Any CPU
		{C62D60C0-0C7D-4420-B131-253D51DA9AEF}.Debug|Any CPU.ActiveCfg = Debug|Any CPU
		{C62D60C0-0C7D-4420-B131-253D51DA9AEF}.Debug|Any CPU.Build.0 = Debug|Any CPU
		{C62D60C0-0C7D-4420-B131-253D51DA9AEF}.Debug|Any CPU.Deploy.0 = Debug|Any CPU
		{C62D60C0-0C7D-4420-B131-253D51DA9AEF}.Release|Any CPU.ActiveCfg = Release|Any CPU
		{C62D60C0-0C7D-4420-B131-253D51DA9AEF}.Release|Any CPU.Build.0 = Release|Any CPU
		{C62D60C0-0C7D-4420-B131-253D51DA9AEF}.Release|Any CPU.Deploy.0 = Release|Any CPU
		{64CE9433-E925-4715-96A2-11F3041097E1}.Debug|Any CPU.ActiveCfg = Debug|Any CPU
		{64CE9433-E925-4715-96A2-11F3041097E1}.Debug|Any CPU.Build.0 = Debug|Any CPU
		{64CE9433-E925-4715-96A2-11F3041097E1}.Debug|Any CPU.Deploy.0 = Debug|Any CPU
		{64CE9433-E925-4715-96A2-11F3041097E1}.Release|Any CPU.ActiveCfg = Release|Any CPU
		{64CE9433-E925-4715-96A2-11F3041097E1}.Release|Any CPU.Build.0 = Release|Any CPU
		{64CE9433-E925-4715-96A2-11F3041097E1}.Release|Any CPU.Deploy.0 = Release|Any CPU
		{492B91E8-33F7-48A1-9E89-FAA23E5900CC}.Debug|Any CPU.ActiveCfg = Debug|Any CPU
		{492B91E8-33F7-48A1-9E89-FAA23E5900CC}.Debug|Any CPU.Build.0 = Debug|Any CPU
		{492B91E8-33F7-48A1-9E89-FAA23E5900CC}.Debug|Any CPU.Deploy.0 = Debug|Any CPU
		{492B91E8-33F7-48A1-9E89-FAA23E5900CC}.Release|Any CPU.ActiveCfg = Release|Any CPU
		{492B91E8-33F7-48A1-9E89-FAA23E5900CC}.Release|Any CPU.Build.0 = Release|Any CPU
		{492B91E8-33F7-48A1-9E89-FAA23E5900CC}.Release|Any CPU.Deploy.0 = Release|Any CPU
		{CCC9D0F2-EF05-4123-B3C6-34004ED6A392}.Debug|Any CPU.ActiveCfg = Debug|Any CPU
		{CCC9D0F2-EF05-4123-B3C6-34004ED6A392}.Debug|Any CPU.Build.0 = Debug|Any CPU
		{CCC9D0F2-EF05-4123-B3C6-34004ED6A392}.Debug|Any CPU.Deploy.0 = Debug|Any CPU
		{CCC9D0F2-EF05-4123-B3C6-34004ED6A392}.Release|Any CPU.ActiveCfg = Release|Any CPU
		{CCC9D0F2-EF05-4123-B3C6-34004ED6A392}.Release|Any CPU.Build.0 = Release|Any CPU
		{CCC9D0F2-EF05-4123-B3C6-34004ED6A392}.Release|Any CPU.Deploy.0 = Release|Any CPU
		{CF669C86-F4EE-4636-9811-A2C5416B6865}.Debug|Any CPU.ActiveCfg = Debug|Any CPU
		{CF669C86-F4EE-4636-9811-A2C5416B6865}.Debug|Any CPU.Build.0 = Debug|Any CPU
		{CF669C86-F4EE-4636-9811-A2C5416B6865}.Debug|Any CPU.Deploy.0 = Debug|Any CPU
		{CF669C86-F4EE-4636-9811-A2C5416B6865}.Release|Any CPU.ActiveCfg = Release|Any CPU
		{CF669C86-F4EE-4636-9811-A2C5416B6865}.Release|Any CPU.Build.0 = Release|Any CPU
		{CF669C86-F4EE-4636-9811-A2C5416B6865}.Release|Any CPU.Deploy.0 = Release|Any CPU
		{B48AF4E3-E93B-4114-B4D2-B69D4839BAE6}.Debug|Any CPU.ActiveCfg = Debug|Any CPU
		{B48AF4E3-E93B-4114-B4D2-B69D4839BAE6}.Debug|Any CPU.Build.0 = Debug|Any CPU
		{B48AF4E3-E93B-4114-B4D2-B69D4839BAE6}.Debug|Any CPU.Deploy.0 = Debug|Any CPU
		{B48AF4E3-E93B-4114-B4D2-B69D4839BAE6}.Release|Any CPU.ActiveCfg = Release|Any CPU
		{B48AF4E3-E93B-4114-B4D2-B69D4839BAE6}.Release|Any CPU.Build.0 = Release|Any CPU
		{B48AF4E3-E93B-4114-B4D2-B69D4839BAE6}.Release|Any CPU.Deploy.0 = Release|Any CPU
		{E3AFCDC1-F11F-4D4B-B6B3-23FE2B4751C8}.Debug|Any CPU.ActiveCfg = Debug|Any CPU
		{E3AFCDC1-F11F-4D4B-B6B3-23FE2B4751C8}.Debug|Any CPU.Build.0 = Debug|Any CPU
		{E3AFCDC1-F11F-4D4B-B6B3-23FE2B4751C8}.Debug|Any CPU.Deploy.0 = Debug|Any CPU
		{E3AFCDC1-F11F-4D4B-B6B3-23FE2B4751C8}.Release|Any CPU.ActiveCfg = Release|Any CPU
		{E3AFCDC1-F11F-4D4B-B6B3-23FE2B4751C8}.Release|Any CPU.Build.0 = Release|Any CPU
		{E3AFCDC1-F11F-4D4B-B6B3-23FE2B4751C8}.Release|Any CPU.Deploy.0 = Release|Any CPU
		{4F6BF25C-E023-4696-98D5-CE218AE7ADD6}.Debug|Any CPU.ActiveCfg = Debug|Any CPU
		{4F6BF25C-E023-4696-98D5-CE218AE7ADD6}.Debug|Any CPU.Build.0 = Debug|Any CPU
		{4F6BF25C-E023-4696-98D5-CE218AE7ADD6}.Debug|Any CPU.Deploy.0 = Debug|Any CPU
		{4F6BF25C-E023-4696-98D5-CE218AE7ADD6}.Release|Any CPU.ActiveCfg = Release|Any CPU
		{4F6BF25C-E023-4696-98D5-CE218AE7ADD6}.Release|Any CPU.Build.0 = Release|Any CPU
		{4F6BF25C-E023-4696-98D5-CE218AE7ADD6}.Release|Any CPU.Deploy.0 = Release|Any CPU
		{300E54CA-74D6-4723-92FA-4489D8BFEA65}.Debug|Any CPU.ActiveCfg = Debug|Any CPU
		{300E54CA-74D6-4723-92FA-4489D8BFEA65}.Debug|Any CPU.Build.0 = Debug|Any CPU
		{300E54CA-74D6-4723-92FA-4489D8BFEA65}.Debug|Any CPU.Deploy.0 = Debug|Any CPU
		{300E54CA-74D6-4723-92FA-4489D8BFEA65}.Release|Any CPU.ActiveCfg = Release|Any CPU
		{300E54CA-74D6-4723-92FA-4489D8BFEA65}.Release|Any CPU.Build.0 = Release|Any CPU
		{300E54CA-74D6-4723-92FA-4489D8BFEA65}.Release|Any CPU.Deploy.0 = Release|Any CPU
		{CAFCC2A7-3C3D-4BD2-B154-B82D528B554E}.Debug|Any CPU.ActiveCfg = Debug|Any CPU
		{CAFCC2A7-3C3D-4BD2-B154-B82D528B554E}.Debug|Any CPU.Build.0 = Debug|Any CPU
		{CAFCC2A7-3C3D-4BD2-B154-B82D528B554E}.Debug|Any CPU.Deploy.0 = Debug|Any CPU
		{CAFCC2A7-3C3D-4BD2-B154-B82D528B554E}.Release|Any CPU.ActiveCfg = Release|Any CPU
		{CAFCC2A7-3C3D-4BD2-B154-B82D528B554E}.Release|Any CPU.Build.0 = Release|Any CPU
		{CAFCC2A7-3C3D-4BD2-B154-B82D528B554E}.Release|Any CPU.Deploy.0 = Release|Any CPU
		{B08A5599-5FB9-4876-AF1E-FD804ED95715}.Debug|Any CPU.ActiveCfg = Debug|Any CPU
		{B08A5599-5FB9-4876-AF1E-FD804ED95715}.Debug|Any CPU.Build.0 = Debug|Any CPU
		{B08A5599-5FB9-4876-AF1E-FD804ED95715}.Debug|Any CPU.Deploy.0 = Debug|Any CPU
		{B08A5599-5FB9-4876-AF1E-FD804ED95715}.Release|Any CPU.ActiveCfg = Release|Any CPU
		{B08A5599-5FB9-4876-AF1E-FD804ED95715}.Release|Any CPU.Build.0 = Release|Any CPU
		{B08A5599-5FB9-4876-AF1E-FD804ED95715}.Release|Any CPU.Deploy.0 = Release|Any CPU
		{92B2994D-2570-4623-B443-19AFFA557092}.Debug|Any CPU.ActiveCfg = Debug|Any CPU
		{92B2994D-2570-4623-B443-19AFFA557092}.Debug|Any CPU.Build.0 = Debug|Any CPU
		{92B2994D-2570-4623-B443-19AFFA557092}.Debug|Any CPU.Deploy.0 = Debug|Any CPU
		{92B2994D-2570-4623-B443-19AFFA557092}.Release|Any CPU.ActiveCfg = Release|Any CPU
		{92B2994D-2570-4623-B443-19AFFA557092}.Release|Any CPU.Build.0 = Release|Any CPU
		{92B2994D-2570-4623-B443-19AFFA557092}.Release|Any CPU.Deploy.0 = Release|Any CPU
	EndGlobalSection
	GlobalSection(SolutionProperties) = preSolution
		HideSolutionNode = FALSE
	EndGlobalSection
	GlobalSection(ExtensibilityGlobals) = postSolution
		SolutionGuid = {DA38E675-02DD-42B5-83ED-582CD2DA3C50}
	EndGlobalSection
EndGlobal
