
Microsoft Visual Studio Solution File, Format Version 12.00
# Visual Studio 15
VisualStudioVersion = 15.0.27130.2026
MinimumVisualStudioVersion = 10.0.40219.1
Project("{FAE04EC0-301F-11D3-BF4B-00C04F79EFBC}") = "S02_FirstApp", "xamarin-android-a-master-guide\S02_FirstApp.csproj", "{58958B40-CF32-46D1-AA8C-2DE8F37EFDBD}"
EndProject
Project("{FAE04EC0-301F-11D3-BF4B-00C04F79EFBC}") = "S03_LayoutsAndBasicUI", "S03_LayoutsAndBasicUI\S03_LayoutsAndBasicUI.csproj", "{4ABFC669-0E9F-42D7-8023-782AA87CBC88}"
EndProject
Project("{FAE04EC0-301F-11D3-BF4B-00C04F79EFBC}") = "S03_LayoutsAndBasicUI_2RelativeLayout", "S03_LayoutsAndBasicUI_2RelativeLayout\S03_LayoutsAndBasicUI_2RelativeLayout.csproj", "{CF2A3354-454F-488B-B2CA-958A998A8D73}"
EndProject
Project("{FAE04EC0-301F-11D3-BF4B-00C04F79EFBC}") = "S03_LayoutsAndBasicUI_3TextViews", "S03_LayoutsAndBasicUI_3TextViews\S03_LayoutsAndBasicUI_3TextViews.csproj", "{EFD62D11-C047-4A8F-8226-D89C4F68756A}"
EndProject
Project("{FAE04EC0-301F-11D3-BF4B-00C04F79EFBC}") = "S03_LayoutsAndBasicUI_4SlowTextMover_Joachim", "S03_LayoutsAndBasicUI_4SlowTextMover\S03_LayoutsAndBasicUI_4SlowTextMover_Joachim.csproj", "{7A8CCE76-D96C-4E38-A34A-F3F0DE5971D4}"
EndProject
Project("{FAE04EC0-301F-11D3-BF4B-00C04F79EFBC}") = "S03_LayoutsAndBasicUI_5_SlowTextMover_Solution", "S03_LayoutsAndBasicUI_5_SlowTextMover_Solution\S03_LayoutsAndBasicUI_5_SlowTextMover_Solution.csproj", "{6F67CEA6-8360-4697-817E-6FCB3D96F9A0}"
EndProject
Project("{FAE04EC0-301F-11D3-BF4B-00C04F79EFBC}") = "S04_MoreBasicUI_1_RadioButton", "S04_MoreBasicUI_1_RadioButton\S04_MoreBasicUI_1_RadioButton.csproj", "{1B9CFAB1-C42D-4AE0-A611-15E653D05DAE}"
EndProject
Project("{FAE04EC0-301F-11D3-BF4B-00C04F79EFBC}") = "S04_MoreBasicUI_2_ToggleButton", "S04_MoreBasicUI_2_ToggleButton\S04_MoreBasicUI_2_ToggleButton.csproj", "{B5196009-9B73-4CB7-A69C-9FC1C2543DDE}"
EndProject
Project("{FAE04EC0-301F-11D3-BF4B-00C04F79EFBC}") = "S04_MoreBasicUI_3_Spinners", "S04_MoreBasicUI_3_Spinners\S04_MoreBasicUI_3_Spinners.csproj", "{66E71836-C597-4BF6-9FB7-1FF475BAC212}"
EndProject
Global
	GlobalSection(SolutionConfigurationPlatforms) = preSolution
		Debug|Any CPU = Debug|Any CPU
		Release|Any CPU = Release|Any CPU
	EndGlobalSection
	GlobalSection(ProjectConfigurationPlatforms) = postSolution
		{58958B40-CF32-46D1-AA8C-2DE8F37EFDBD}.Debug|Any CPU.ActiveCfg = Debug|Any CPU
		{58958B40-CF32-46D1-AA8C-2DE8F37EFDBD}.Debug|Any CPU.Build.0 = Debug|Any CPU
		{58958B40-CF32-46D1-AA8C-2DE8F37EFDBD}.Debug|Any CPU.Deploy.0 = Debug|Any CPU
		{58958B40-CF32-46D1-AA8C-2DE8F37EFDBD}.Release|Any CPU.ActiveCfg = Release|Any CPU
		{58958B40-CF32-46D1-AA8C-2DE8F37EFDBD}.Release|Any CPU.Build.0 = Release|Any CPU
		{58958B40-CF32-46D1-AA8C-2DE8F37EFDBD}.Release|Any CPU.Deploy.0 = Release|Any CPU
		{4ABFC669-0E9F-42D7-8023-782AA87CBC88}.Debug|Any CPU.ActiveCfg = Debug|Any CPU
		{4ABFC669-0E9F-42D7-8023-782AA87CBC88}.Debug|Any CPU.Build.0 = Debug|Any CPU
		{4ABFC669-0E9F-42D7-8023-782AA87CBC88}.Debug|Any CPU.Deploy.0 = Debug|Any CPU
		{4ABFC669-0E9F-42D7-8023-782AA87CBC88}.Release|Any CPU.ActiveCfg = Release|Any CPU
		{4ABFC669-0E9F-42D7-8023-782AA87CBC88}.Release|Any CPU.Build.0 = Release|Any CPU
		{4ABFC669-0E9F-42D7-8023-782AA87CBC88}.Release|Any CPU.Deploy.0 = Release|Any CPU
		{CF2A3354-454F-488B-B2CA-958A998A8D73}.Debug|Any CPU.ActiveCfg = Debug|Any CPU
		{CF2A3354-454F-488B-B2CA-958A998A8D73}.Debug|Any CPU.Build.0 = Debug|Any CPU
		{CF2A3354-454F-488B-B2CA-958A998A8D73}.Debug|Any CPU.Deploy.0 = Debug|Any CPU
		{CF2A3354-454F-488B-B2CA-958A998A8D73}.Release|Any CPU.ActiveCfg = Release|Any CPU
		{CF2A3354-454F-488B-B2CA-958A998A8D73}.Release|Any CPU.Build.0 = Release|Any CPU
		{CF2A3354-454F-488B-B2CA-958A998A8D73}.Release|Any CPU.Deploy.0 = Release|Any CPU
		{EFD62D11-C047-4A8F-8226-D89C4F68756A}.Debug|Any CPU.ActiveCfg = Debug|Any CPU
		{EFD62D11-C047-4A8F-8226-D89C4F68756A}.Debug|Any CPU.Build.0 = Debug|Any CPU
		{EFD62D11-C047-4A8F-8226-D89C4F68756A}.Debug|Any CPU.Deploy.0 = Debug|Any CPU
		{EFD62D11-C047-4A8F-8226-D89C4F68756A}.Release|Any CPU.ActiveCfg = Release|Any CPU
		{EFD62D11-C047-4A8F-8226-D89C4F68756A}.Release|Any CPU.Build.0 = Release|Any CPU
		{EFD62D11-C047-4A8F-8226-D89C4F68756A}.Release|Any CPU.Deploy.0 = Release|Any CPU
		{7A8CCE76-D96C-4E38-A34A-F3F0DE5971D4}.Debug|Any CPU.ActiveCfg = Debug|Any CPU
		{7A8CCE76-D96C-4E38-A34A-F3F0DE5971D4}.Debug|Any CPU.Build.0 = Debug|Any CPU
		{7A8CCE76-D96C-4E38-A34A-F3F0DE5971D4}.Debug|Any CPU.Deploy.0 = Debug|Any CPU
		{7A8CCE76-D96C-4E38-A34A-F3F0DE5971D4}.Release|Any CPU.ActiveCfg = Release|Any CPU
		{7A8CCE76-D96C-4E38-A34A-F3F0DE5971D4}.Release|Any CPU.Build.0 = Release|Any CPU
		{7A8CCE76-D96C-4E38-A34A-F3F0DE5971D4}.Release|Any CPU.Deploy.0 = Release|Any CPU
		{6F67CEA6-8360-4697-817E-6FCB3D96F9A0}.Debug|Any CPU.ActiveCfg = Debug|Any CPU
		{6F67CEA6-8360-4697-817E-6FCB3D96F9A0}.Debug|Any CPU.Build.0 = Debug|Any CPU
		{6F67CEA6-8360-4697-817E-6FCB3D96F9A0}.Debug|Any CPU.Deploy.0 = Debug|Any CPU
		{6F67CEA6-8360-4697-817E-6FCB3D96F9A0}.Release|Any CPU.ActiveCfg = Release|Any CPU
		{6F67CEA6-8360-4697-817E-6FCB3D96F9A0}.Release|Any CPU.Build.0 = Release|Any CPU
		{6F67CEA6-8360-4697-817E-6FCB3D96F9A0}.Release|Any CPU.Deploy.0 = Release|Any CPU
		{1B9CFAB1-C42D-4AE0-A611-15E653D05DAE}.Debug|Any CPU.ActiveCfg = Debug|Any CPU
		{1B9CFAB1-C42D-4AE0-A611-15E653D05DAE}.Debug|Any CPU.Build.0 = Debug|Any CPU
		{1B9CFAB1-C42D-4AE0-A611-15E653D05DAE}.Debug|Any CPU.Deploy.0 = Debug|Any CPU
		{1B9CFAB1-C42D-4AE0-A611-15E653D05DAE}.Release|Any CPU.ActiveCfg = Release|Any CPU
		{1B9CFAB1-C42D-4AE0-A611-15E653D05DAE}.Release|Any CPU.Build.0 = Release|Any CPU
		{1B9CFAB1-C42D-4AE0-A611-15E653D05DAE}.Release|Any CPU.Deploy.0 = Release|Any CPU
		{B5196009-9B73-4CB7-A69C-9FC1C2543DDE}.Debug|Any CPU.ActiveCfg = Debug|Any CPU
		{B5196009-9B73-4CB7-A69C-9FC1C2543DDE}.Debug|Any CPU.Build.0 = Debug|Any CPU
		{B5196009-9B73-4CB7-A69C-9FC1C2543DDE}.Debug|Any CPU.Deploy.0 = Debug|Any CPU
		{B5196009-9B73-4CB7-A69C-9FC1C2543DDE}.Release|Any CPU.ActiveCfg = Release|Any CPU
		{B5196009-9B73-4CB7-A69C-9FC1C2543DDE}.Release|Any CPU.Build.0 = Release|Any CPU
		{B5196009-9B73-4CB7-A69C-9FC1C2543DDE}.Release|Any CPU.Deploy.0 = Release|Any CPU
		{66E71836-C597-4BF6-9FB7-1FF475BAC212}.Debug|Any CPU.ActiveCfg = Debug|Any CPU
		{66E71836-C597-4BF6-9FB7-1FF475BAC212}.Debug|Any CPU.Build.0 = Debug|Any CPU
		{66E71836-C597-4BF6-9FB7-1FF475BAC212}.Debug|Any CPU.Deploy.0 = Debug|Any CPU
		{66E71836-C597-4BF6-9FB7-1FF475BAC212}.Release|Any CPU.ActiveCfg = Release|Any CPU
		{66E71836-C597-4BF6-9FB7-1FF475BAC212}.Release|Any CPU.Build.0 = Release|Any CPU
		{66E71836-C597-4BF6-9FB7-1FF475BAC212}.Release|Any CPU.Deploy.0 = Release|Any CPU
	EndGlobalSection
	GlobalSection(SolutionProperties) = preSolution
		HideSolutionNode = FALSE
	EndGlobalSection
	GlobalSection(ExtensibilityGlobals) = postSolution
		SolutionGuid = {DA38E675-02DD-42B5-83ED-582CD2DA3C50}
	EndGlobalSection
EndGlobal
