
Microsoft Visual Studio Solution File, Format Version 12.00
# Visual Studio 15
VisualStudioVersion = 15.0.27130.2026
MinimumVisualStudioVersion = 10.0.40219.1
Project("{FAE04EC0-301F-11D3-BF4B-00C04F79EFBC}") = "S02_FirstApp", "xamarin-android-a-master-guide\S02_FirstApp.csproj", "{58958B40-CF32-46D1-AA8C-2DE8F37EFDBD}"
EndProject
Project("{FAE04EC0-301F-11D3-BF4B-00C04F79EFBC}") = "S03_LayoutsAndBasicUI", "S03_LayoutsAndBasicUI\S03_LayoutsAndBasicUI.csproj", "{4ABFC669-0E9F-42D7-8023-782AA87CBC88}"
EndProject
Global
	GlobalSection(SolutionConfigurationPlatforms) = preSolution
		Debug|Any CPU = Debug|Any CPU
		Release|Any CPU = Release|Any CPU
	EndGlobalSection
	GlobalSection(ProjectConfigurationPlatforms) = postSolution
		{58958B40-CF32-46D1-AA8C-2DE8F37EFDBD}.Debug|Any CPU.ActiveCfg = Debug|Any CPU
		{58958B40-CF32-46D1-AA8C-2DE8F37EFDBD}.Debug|Any CPU.Build.0 = Debug|Any CPU
		{58958B40-CF32-46D1-AA8C-2DE8F37EFDBD}.Debug|Any CPU.Deploy.0 = Debug|Any CPU
		{58958B40-CF32-46D1-AA8C-2DE8F37EFDBD}.Release|Any CPU.ActiveCfg = Release|Any CPU
		{58958B40-CF32-46D1-AA8C-2DE8F37EFDBD}.Release|Any CPU.Build.0 = Release|Any CPU
		{58958B40-CF32-46D1-AA8C-2DE8F37EFDBD}.Release|Any CPU.Deploy.0 = Release|Any CPU
		{4ABFC669-0E9F-42D7-8023-782AA87CBC88}.Debug|Any CPU.ActiveCfg = Debug|Any CPU
		{4ABFC669-0E9F-42D7-8023-782AA87CBC88}.Debug|Any CPU.Build.0 = Debug|Any CPU
		{4ABFC669-0E9F-42D7-8023-782AA87CBC88}.Debug|Any CPU.Deploy.0 = Debug|Any CPU
		{4ABFC669-0E9F-42D7-8023-782AA87CBC88}.Release|Any CPU.ActiveCfg = Release|Any CPU
		{4ABFC669-0E9F-42D7-8023-782AA87CBC88}.Release|Any CPU.Build.0 = Release|Any CPU
		{4ABFC669-0E9F-42D7-8023-782AA87CBC88}.Release|Any CPU.Deploy.0 = Release|Any CPU
	EndGlobalSection
	GlobalSection(SolutionProperties) = preSolution
		HideSolutionNode = FALSE
	EndGlobalSection
	GlobalSection(ExtensibilityGlobals) = postSolution
		SolutionGuid = {DA38E675-02DD-42B5-83ED-582CD2DA3C50}
	EndGlobalSection
EndGlobal
